<?xml version="1.0" encoding="utf-8"?>
<Project ToolsVersion="4.0" xmlns="http://schemas.microsoft.com/developer/msbuild/2003">
  <ItemGroup>
    <Filter Include="Shaders">
      <UniqueIdentifier>{b9f5dcdb-9932-46d7-819b-88962de1aaba}</UniqueIdentifier>
    </Filter>
    <Filter Include="Planet">
      <UniqueIdentifier>{74f2bcb9-81ef-4e3f-b737-a8200a67f7bb}</UniqueIdentifier>
    </Filter>
    <Filter Include="Planet\Sphere">
      <UniqueIdentifier>{4ea8605a-7cb5-40ed-a289-86b8cc324741}</UniqueIdentifier>
    </Filter>
    <Filter Include="Camera">
      <UniqueIdentifier>{a3b870a9-3c42-4385-b18d-8c72203b866e}</UniqueIdentifier>
    </Filter>
    <Filter Include="ProceduralNoise">
      <UniqueIdentifier>{b9e23fed-91c1-44c2-a113-da37e4c0e3db}</UniqueIdentifier>
    </Filter>
    <Filter Include="Resources">
      <UniqueIdentifier>{67DA6AB6-F800-4c08-8B7A-83BB121AAD01}</UniqueIdentifier>
      <Extensions>rc;ico;cur;bmp;dlg;rc2;rct;bin;rgs;gif;jpg;jpeg;jpe;resx;tiff;tif;png;wav;mfcribbon-ms</Extensions>
    </Filter>
    <Filter Include="Controls">
      <UniqueIdentifier>{533d6e3c-6ae0-4ace-8b6f-d878a153e6e8}</UniqueIdentifier>
    </Filter>
    <Filter Include="Controls\KeyLayouts">
      <UniqueIdentifier>{48e409f0-c2af-42b5-ab43-bf69bc6c01c6}</UniqueIdentifier>
    </Filter>
    <Filter Include="Controls\Action">
      <UniqueIdentifier>{2f58a86c-8dc9-4e07-bf83-5fa60f37b238}</UniqueIdentifier>
    </Filter>
    <Filter Include="Controls\ActionGroup">
      <UniqueIdentifier>{f13452a3-0d0c-4746-b255-443510a1045a}</UniqueIdentifier>
    </Filter>
    <Filter Include="Shaders\Normals">
      <UniqueIdentifier>{8c441f64-f4fe-420f-a808-7b2381b68966}</UniqueIdentifier>
    </Filter>
    <Filter Include="Shaders\Geometry">
      <UniqueIdentifier>{7be43f3e-b472-42f4-9d81-5eb48debc7c1}</UniqueIdentifier>
    </Filter>
    <Filter Include="Camera\Free">
      <UniqueIdentifier>{8d916d67-ec61-4b63-ad27-1a7ee0e73ae9}</UniqueIdentifier>
    </Filter>
    <Filter Include="Camera\Target">
      <UniqueIdentifier>{6e95ac9e-0fc6-4fe0-af66-1445aecee823}</UniqueIdentifier>
    </Filter>
    <Filter Include="DirectXAPI">
      <UniqueIdentifier>{7513d264-c102-4344-8b9d-acfa36414fd1}</UniqueIdentifier>
    </Filter>
    <Filter Include="Planet\Maps">
      <UniqueIdentifier>{86ec5f20-3cb3-40c1-a08d-1534a16ec9e8}</UniqueIdentifier>
    </Filter>
    <Filter Include="Planet\Maps\MapLoader">
      <UniqueIdentifier>{5d4362c8-804e-4afb-8f74-dbac19bc4a00}</UniqueIdentifier>
    </Filter>
  </ItemGroup>
  <ItemGroup>
    <ClCompile Include="LyreEngine.cpp" />
    <ClCompile Include="main.cpp" />
    <ClCompile Include="stdafx.cpp" />
    <ClCompile Include="SpherifiedCube.cpp">
      <Filter>Planet\Sphere</Filter>
    </ClCompile>
    <ClCompile Include="SpherifiedPlane.cpp">
      <Filter>Planet\Sphere</Filter>
    </ClCompile>
    <ClCompile Include="Planet.cpp">
      <Filter>Planet</Filter>
    </ClCompile>
    <ClCompile Include="PerlinGrid.cpp">
      <Filter>ProceduralNoise</Filter>
    </ClCompile>
    <ClCompile Include="Controls.cpp">
      <Filter>Controls</Filter>
    </ClCompile>
    <ClCompile Include="ControlsKeyLayout.cpp">
      <Filter>Controls\KeyLayouts</Filter>
    </ClCompile>
    <ClCompile Include="ControlsAction.cpp">
      <Filter>Controls\Action</Filter>
    </ClCompile>
    <ClCompile Include="ControlsActionGroup.cpp">
      <Filter>Controls\ActionGroup</Filter>
    </ClCompile>
    <ClCompile Include="FreeCamera.cpp">
      <Filter>Camera\Free</Filter>
    </ClCompile>
    <ClCompile Include="TargetCamera.cpp">
      <Filter>Camera\Target</Filter>
    </ClCompile>
    <ClCompile Include="Camera.cpp">
      <Filter>Camera</Filter>
    </ClCompile>
    <ClCompile Include="GeometryDX.cpp">
      <Filter>DirectXAPI</Filter>
    </ClCompile>
    <ClCompile Include="PipelineConfigDX.cpp">
      <Filter>DirectXAPI</Filter>
    </ClCompile>
    <ClCompile Include="UtilsDX.cpp">
      <Filter>DirectXAPI</Filter>
    </ClCompile>
    <ClCompile Include="MapLoader.cpp">
      <Filter>Planet\Maps\MapLoader</Filter>
    </ClCompile>
    <ClCompile Include="TerrainMap.cpp">
      <Filter>Planet\Maps</Filter>
    </ClCompile>
  </ItemGroup>
  <ItemGroup>
    <ClInclude Include="LyreEngine.h" />
    <ClInclude Include="resource.h" />
    <ClInclude Include="stdafx.h" />
    <ClInclude Include="SpherifiedCube.h">
      <Filter>Planet\Sphere</Filter>
    </ClInclude>
    <ClInclude Include="SpherifiedPlane.h">
      <Filter>Planet\Sphere</Filter>
    </ClInclude>
    <ClInclude Include="Planet.h">
      <Filter>Planet</Filter>
    </ClInclude>
    <ClInclude Include="PerlinGrid.h">
      <Filter>ProceduralNoise</Filter>
    </ClInclude>
    <ClInclude Include="Controls.h">
      <Filter>Controls</Filter>
    </ClInclude>
    <ClInclude Include="ControlsKeyLayout.h">
      <Filter>Controls\KeyLayouts</Filter>
    </ClInclude>
    <ClInclude Include="ControlsAction.h">
      <Filter>Controls\Action</Filter>
    </ClInclude>
    <ClInclude Include="ControlsActionGroup.h">
      <Filter>Controls\ActionGroup</Filter>
    </ClInclude>
    <ClInclude Include="FreeCamera.h">
      <Filter>Camera\Free</Filter>
    </ClInclude>
    <ClInclude Include="TargetCamera.h">
      <Filter>Camera\Target</Filter>
    </ClInclude>
    <ClInclude Include="Camera.h">
      <Filter>Camera</Filter>
    </ClInclude>
    <ClInclude Include="ConstantBufferDX.h">
      <Filter>DirectXAPI</Filter>
    </ClInclude>
    <ClInclude Include="GeometryDX.h">
      <Filter>DirectXAPI</Filter>
    </ClInclude>
    <ClInclude Include="PipelineConfigDX.h">
      <Filter>DirectXAPI</Filter>
    </ClInclude>
    <ClInclude Include="UtilsDX.h">
      <Filter>DirectXAPI</Filter>
    </ClInclude>
    <ClInclude Include="MapLoader.h">
      <Filter>Planet\Maps\MapLoader</Filter>
    </ClInclude>
    <ClInclude Include="TerrainMap.h">
      <Filter>Planet\Maps</Filter>
    </ClInclude>
  </ItemGroup>
  <ItemGroup>
    <ResourceCompile Include="Resource.rc">
      <Filter>Resources</Filter>
    </ResourceCompile>
  </ItemGroup>
  <ItemGroup>
    <FxCompile Include="planet_vs.fx">
      <Filter>Shaders</Filter>
    </FxCompile>
    <FxCompile Include="planet_hs.fx">
      <Filter>Shaders</Filter>
    </FxCompile>
    <FxCompile Include="planet_ds.fx">
      <Filter>Shaders</Filter>
    </FxCompile>
    <FxCompile Include="planet_gs.fx">
      <Filter>Shaders</Filter>
    </FxCompile>
    <FxCompile Include="planet_geometry_ps.fx">
      <Filter>Shaders\Geometry</Filter>
    </FxCompile>
    <FxCompile Include="planet_geometry_vs.fx">
      <Filter>Shaders\Geometry</Filter>
    </FxCompile>
    <FxCompile Include="planet_normals_ps.fx">
      <Filter>Shaders\Normals</Filter>
    </FxCompile>
    <FxCompile Include="planet_normals_vs.fx">
      <Filter>Shaders\Normals</Filter>
    </FxCompile>
  </ItemGroup>
  <ItemGroup>
    <Image Include="lyre.ico">
      <Filter>Resources</Filter>
    </Image>
  </ItemGroup>
  <ItemGroup>
    <None Include="keys.layout">
      <Filter>Controls\KeyLayouts</Filter>
    </None>
  </ItemGroup>
</Project>