<?xml version="1.0" encoding="utf-8"?>
<Project ToolsVersion="4.0" xmlns="http://schemas.microsoft.com/developer/msbuild/2003">
  <ItemGroup>
    <Filter Include="Resource Files">
      <UniqueIdentifier>{67DA6AB6-F800-4c08-8B7A-83BB121AAD01}</UniqueIdentifier>
      <Extensions>rc;ico;cur;bmp;dlg;rc2;rct;bin;rgs;gif;jpg;jpeg;jpe;resx;tiff;tif;png;wav;mfcribbon-ms</Extensions>
    </Filter>
    <Filter Include="Shaders">
      <UniqueIdentifier>{b9f5dcdb-9932-46d7-819b-88962de1aaba}</UniqueIdentifier>
    </Filter>
    <Filter Include="Planet">
      <UniqueIdentifier>{74f2bcb9-81ef-4e3f-b737-a8200a67f7bb}</UniqueIdentifier>
    </Filter>
    <Filter Include="Planet\Sphere">
      <UniqueIdentifier>{4ea8605a-7cb5-40ed-a289-86b8cc324741}</UniqueIdentifier>
    </Filter>
    <Filter Include="Camera">
      <UniqueIdentifier>{a3b870a9-3c42-4385-b18d-8c72203b866e}</UniqueIdentifier>
    </Filter>
    <Filter Include="Keyboard">
      <UniqueIdentifier>{533d6e3c-6ae0-4ace-8b6f-d878a153e6e8}</UniqueIdentifier>
    </Filter>
    <Filter Include="Keyboard\KeyLayouts">
      <UniqueIdentifier>{48e409f0-c2af-42b5-ab43-bf69bc6c01c6}</UniqueIdentifier>
    </Filter>
  </ItemGroup>
  <ItemGroup>
    <ClCompile Include="LyreEngine.cpp" />
    <ClCompile Include="main.cpp" />
    <ClCompile Include="stdafx.cpp" />
    <ClCompile Include="SpherifiedCube.cpp">
      <Filter>Planet\Sphere</Filter>
    </ClCompile>
    <ClCompile Include="SpherifiedPlane.cpp">
      <Filter>Planet\Sphere</Filter>
    </ClCompile>
    <ClCompile Include="Planet.cpp">
      <Filter>Planet</Filter>
    </ClCompile>
    <ClCompile Include="Camera.cpp">
      <Filter>Camera</Filter>
    </ClCompile>
    <ClCompile Include="Keyboard.cpp">
      <Filter>Keyboard</Filter>
    </ClCompile>
    <ClCompile Include="Actions.cpp" />
    <ClCompile Include="KeyLayout.cpp">
      <Filter>Keyboard\KeyLayouts</Filter>
    </ClCompile>
  </ItemGroup>
  <ItemGroup>
    <ClInclude Include="LyreEngine.h" />
    <ClInclude Include="resource.h" />
    <ClInclude Include="stdafx.h" />
    <ClInclude Include="SpherifiedCube.h">
      <Filter>Planet\Sphere</Filter>
    </ClInclude>
    <ClInclude Include="SpherifiedPlane.h">
      <Filter>Planet\Sphere</Filter>
    </ClInclude>
    <ClInclude Include="Planet.h">
      <Filter>Planet</Filter>
    </ClInclude>
    <ClInclude Include="Camera.h">
      <Filter>Camera</Filter>
    </ClInclude>
    <ClInclude Include="Keyboard.h">
      <Filter>Keyboard</Filter>
    </ClInclude>
    <ClInclude Include="Actions.h">
      <Filter>Keyboard</Filter>
    </ClInclude>
    <ClInclude Include="KeyLayout.h">
      <Filter>Keyboard\KeyLayouts</Filter>
    </ClInclude>
  </ItemGroup>
  <ItemGroup>
    <ResourceCompile Include="Resource.rc">
      <Filter>Resource Files</Filter>
    </ResourceCompile>
  </ItemGroup>
  <ItemGroup>
    <FxCompile Include="planet_vs.fx">
      <Filter>Shaders</Filter>
    </FxCompile>
    <FxCompile Include="planet_ps.fx">
      <Filter>Shaders</Filter>
    </FxCompile>
  </ItemGroup>
  <ItemGroup>
    <Image Include="lyre.ico">
      <Filter>Resource Files</Filter>
    </Image>
  </ItemGroup>
  <ItemGroup>
    <None Include="keys.layout">
      <Filter>Keyboard\KeyLayouts</Filter>
    </None>
  </ItemGroup>
</Project>